
Microsoft Visual Studio Solution File, Format Version 12.00
# Visual Studio Version 17
VisualStudioVersion = 17.10.35122.118
MinimumVisualStudioVersion = 10.0.40219.1
Project("{FAE04EC0-301F-11D3-BF4B-00C04F79EFBC}") = "ST10398576_PROG6212_POE", "ST10398576_PROG6212_POE\ST10398576_PROG6212_POE.csproj", "{F6ED25E5-0C64-40FA-B48D-2541FA359024}"
EndProject
Global
	GlobalSection(SolutionConfigurationPlatforms) = preSolution
		Debug|Any CPU = Debug|Any CPU
		Release|Any CPU = Release|Any CPU
	EndGlobalSection
	GlobalSection(ProjectConfigurationPlatforms) = postSolution
		{F6ED25E5-0C64-40FA-B48D-2541FA359024}.Debug|Any CPU.ActiveCfg = Debug|Any CPU
		{F6ED25E5-0C64-40FA-B48D-2541FA359024}.Debug|Any CPU.Build.0 = Debug|Any CPU
		{F6ED25E5-0C64-40FA-B48D-2541FA359024}.Release|Any CPU.ActiveCfg = Release|Any CPU
		{F6ED25E5-0C64-40FA-B48D-2541FA359024}.Release|Any CPU.Build.0 = Release|Any CPU
	EndGlobalSection
	GlobalSection(SolutionProperties) = preSolution
		HideSolutionNode = FALSE
	EndGlobalSection
	GlobalSection(ExtensibilityGlobals) = postSolution
		SolutionGuid = {02AA97A8-B941-44D5-BC9E-BB03E6EB4B38}
	EndGlobalSection
EndGlobal
